// !$*UTF8*$!
{
	archiveVersion = 1;
	classes = {
	};
	objectVersion = 56;
	objects = {

/* Begin PBXBuildFile section */
		AC2751BA2BC22EA8006D1FEE /* WeatherNowApp.swift in Sources */ = {isa = PBXBuildFile; fileRef = AC2751B92BC22EA8006D1FEE /* WeatherNowApp.swift */; };
		AC2751BC2BC22EA8006D1FEE /* ContentView.swift in Sources */ = {isa = PBXBuildFile; fileRef = AC2751BB2BC22EA8006D1FEE /* ContentView.swift */; };
		AC2751BE2BC22EAA006D1FEE /* Assets.xcassets in Resources */ = {isa = PBXBuildFile; fileRef = AC2751BD2BC22EAA006D1FEE /* Assets.xcassets */; };
		AC2751C12BC22EAA006D1FEE /* Preview Assets.xcassets in Resources */ = {isa = PBXBuildFile; fileRef = AC2751C02BC22EAA006D1FEE /* Preview Assets.xcassets */; };
		AC2751CB2BC22EAB006D1FEE /* WeatherNowTests.swift in Sources */ = {isa = PBXBuildFile; fileRef = AC2751CA2BC22EAB006D1FEE /* WeatherNowTests.swift */; };
		AC2751D52BC22EAB006D1FEE /* WeatherNowUITests.swift in Sources */ = {isa = PBXBuildFile; fileRef = AC2751D42BC22EAB006D1FEE /* WeatherNowUITests.swift */; };
		AC2751D72BC22EAB006D1FEE /* WeatherNowUITestsLaunchTests.swift in Sources */ = {isa = PBXBuildFile; fileRef = AC2751D62BC22EAB006D1FEE /* WeatherNowUITestsLaunchTests.swift */; };
		AC3ADD1F2C106313007CFA64 /* CurrentWeatherHourlyDataView.swift in Sources */ = {isa = PBXBuildFile; fileRef = AC3ADD1E2C106313007CFA64 /* CurrentWeatherHourlyDataView.swift */; };
		AC3ADD212C1066F8007CFA64 /* UpcomingDailyForecastView.swift in Sources */ = {isa = PBXBuildFile; fileRef = AC3ADD202C1066F8007CFA64 /* UpcomingDailyForecastView.swift */; };
		AC3ADD232C106777007CFA64 /* Utils.swift in Sources */ = {isa = PBXBuildFile; fileRef = AC3ADD222C106777007CFA64 /* Utils.swift */; };
		AC3ADD272C106B8A007CFA64 /* CurrentWeatherSummaryView.swift in Sources */ = {isa = PBXBuildFile; fileRef = AC3ADD262C106B8A007CFA64 /* CurrentWeatherSummaryView.swift */; };
		AC49C4F62BE4B317003C70ED /* FiveDayForecast.swift in Sources */ = {isa = PBXBuildFile; fileRef = AC49C4F52BE4B317003C70ED /* FiveDayForecast.swift */; };
		AC49C4F82BE4B5FB003C70ED /* APIService.swift in Sources */ = {isa = PBXBuildFile; fileRef = AC49C4F72BE4B5FB003C70ED /* APIService.swift */; };
		AC49C4FA2BE4B817003C70ED /* APIError.swift in Sources */ = {isa = PBXBuildFile; fileRef = AC49C4F92BE4B817003C70ED /* APIError.swift */; };
		AC9033D72C045A19007041CF /* ForecastLocationSearchView.swift in Sources */ = {isa = PBXBuildFile; fileRef = AC9033D62C045A19007041CF /* ForecastLocationSearchView.swift */; };
		AC9033D92C046465007041CF /* ForecastLocation.swift in Sources */ = {isa = PBXBuildFile; fileRef = AC9033D82C046465007041CF /* ForecastLocation.swift */; };
		AC9033DB2C046774007041CF /* ForecastLocationViewModel.swift in Sources */ = {isa = PBXBuildFile; fileRef = AC9033DA2C046774007041CF /* ForecastLocationViewModel.swift */; };
		AC9033DD2C046A6B007041CF /* DeviceLocationManager.swift in Sources */ = {isa = PBXBuildFile; fileRef = AC9033DC2C046A6B007041CF /* DeviceLocationManager.swift */; };
		ACDABAC72BE4DB4B0018E177 /* ForecastViewModel.swift in Sources */ = {isa = PBXBuildFile; fileRef = ACDABAC62BE4DB4B0018E177 /* ForecastViewModel.swift */; };
/* End PBXBuildFile section */

/* Begin PBXContainerItemProxy section */
		AC2751C72BC22EAB006D1FEE /* PBXContainerItemProxy */ = {
			isa = PBXContainerItemProxy;
			containerPortal = AC2751AE2BC22EA8006D1FEE /* Project object */;
			proxyType = 1;
			remoteGlobalIDString = AC2751B52BC22EA8006D1FEE;
			remoteInfo = WeatherNow;
		};
		AC2751D12BC22EAB006D1FEE /* PBXContainerItemProxy */ = {
			isa = PBXContainerItemProxy;
			containerPortal = AC2751AE2BC22EA8006D1FEE /* Project object */;
			proxyType = 1;
			remoteGlobalIDString = AC2751B52BC22EA8006D1FEE;
			remoteInfo = WeatherNow;
		};
/* End PBXContainerItemProxy section */

/* Begin PBXFileReference section */
		AC2751B62BC22EA8006D1FEE /* WeatherNow.app */ = {isa = PBXFileReference; explicitFileType = wrapper.application; includeInIndex = 0; path = WeatherNow.app; sourceTree = BUILT_PRODUCTS_DIR; };
		AC2751B92BC22EA8006D1FEE /* WeatherNowApp.swift */ = {isa = PBXFileReference; lastKnownFileType = sourcecode.swift; path = WeatherNowApp.swift; sourceTree = "<group>"; };
		AC2751BB2BC22EA8006D1FEE /* ContentView.swift */ = {isa = PBXFileReference; lastKnownFileType = sourcecode.swift; path = ContentView.swift; sourceTree = "<group>"; };
		AC2751BD2BC22EAA006D1FEE /* Assets.xcassets */ = {isa = PBXFileReference; lastKnownFileType = folder.assetcatalog; path = Assets.xcassets; sourceTree = "<group>"; };
		AC2751C02BC22EAA006D1FEE /* Preview Assets.xcassets */ = {isa = PBXFileReference; lastKnownFileType = folder.assetcatalog; path = "Preview Assets.xcassets"; sourceTree = "<group>"; };
		AC2751C62BC22EAB006D1FEE /* WeatherNowTests.xctest */ = {isa = PBXFileReference; explicitFileType = wrapper.cfbundle; includeInIndex = 0; path = WeatherNowTests.xctest; sourceTree = BUILT_PRODUCTS_DIR; };
		AC2751CA2BC22EAB006D1FEE /* WeatherNowTests.swift */ = {isa = PBXFileReference; lastKnownFileType = sourcecode.swift; path = WeatherNowTests.swift; sourceTree = "<group>"; };
		AC2751D02BC22EAB006D1FEE /* WeatherNowUITests.xctest */ = {isa = PBXFileReference; explicitFileType = wrapper.cfbundle; includeInIndex = 0; path = WeatherNowUITests.xctest; sourceTree = BUILT_PRODUCTS_DIR; };
		AC2751D42BC22EAB006D1FEE /* WeatherNowUITests.swift */ = {isa = PBXFileReference; lastKnownFileType = sourcecode.swift; path = WeatherNowUITests.swift; sourceTree = "<group>"; };
		AC2751D62BC22EAB006D1FEE /* WeatherNowUITestsLaunchTests.swift */ = {isa = PBXFileReference; lastKnownFileType = sourcecode.swift; path = WeatherNowUITestsLaunchTests.swift; sourceTree = "<group>"; };
		AC3ADD1E2C106313007CFA64 /* CurrentWeatherHourlyDataView.swift */ = {isa = PBXFileReference; lastKnownFileType = sourcecode.swift; path = CurrentWeatherHourlyDataView.swift; sourceTree = "<group>"; };
		AC3ADD202C1066F8007CFA64 /* UpcomingDailyForecastView.swift */ = {isa = PBXFileReference; lastKnownFileType = sourcecode.swift; path = UpcomingDailyForecastView.swift; sourceTree = "<group>"; };
		AC3ADD222C106777007CFA64 /* Utils.swift */ = {isa = PBXFileReference; lastKnownFileType = sourcecode.swift; path = Utils.swift; sourceTree = "<group>"; };
		AC3ADD262C106B8A007CFA64 /* CurrentWeatherSummaryView.swift */ = {isa = PBXFileReference; lastKnownFileType = sourcecode.swift; path = CurrentWeatherSummaryView.swift; sourceTree = "<group>"; };
		AC49C4F52BE4B317003C70ED /* FiveDayForecast.swift */ = {isa = PBXFileReference; lastKnownFileType = sourcecode.swift; path = FiveDayForecast.swift; sourceTree = "<group>"; };
		AC49C4F72BE4B5FB003C70ED /* APIService.swift */ = {isa = PBXFileReference; lastKnownFileType = sourcecode.swift; path = APIService.swift; sourceTree = "<group>"; };
		AC49C4F92BE4B817003C70ED /* APIError.swift */ = {isa = PBXFileReference; lastKnownFileType = sourcecode.swift; path = APIError.swift; sourceTree = "<group>"; };
		AC9033D62C045A19007041CF /* ForecastLocationSearchView.swift */ = {isa = PBXFileReference; lastKnownFileType = sourcecode.swift; path = ForecastLocationSearchView.swift; sourceTree = "<group>"; };
		AC9033D82C046465007041CF /* ForecastLocation.swift */ = {isa = PBXFileReference; lastKnownFileType = sourcecode.swift; path = ForecastLocation.swift; sourceTree = "<group>"; };
		AC9033DA2C046774007041CF /* ForecastLocationViewModel.swift */ = {isa = PBXFileReference; lastKnownFileType = sourcecode.swift; path = ForecastLocationViewModel.swift; sourceTree = "<group>"; };
		AC9033DC2C046A6B007041CF /* DeviceLocationManager.swift */ = {isa = PBXFileReference; lastKnownFileType = sourcecode.swift; path = DeviceLocationManager.swift; sourceTree = "<group>"; };
		ACDABAC62BE4DB4B0018E177 /* ForecastViewModel.swift */ = {isa = PBXFileReference; lastKnownFileType = sourcecode.swift; path = ForecastViewModel.swift; sourceTree = "<group>"; };
/* End PBXFileReference section */

/* Begin PBXFrameworksBuildPhase section */
		AC2751B32BC22EA8006D1FEE /* Frameworks */ = {
			isa = PBXFrameworksBuildPhase;
			buildActionMask = 2147483647;
			files = (
			);
			runOnlyForDeploymentPostprocessing = 0;
		};
		AC2751C32BC22EAB006D1FEE /* Frameworks */ = {
			isa = PBXFrameworksBuildPhase;
			buildActionMask = 2147483647;
			files = (
			);
			runOnlyForDeploymentPostprocessing = 0;
		};
		AC2751CD2BC22EAB006D1FEE /* Frameworks */ = {
			isa = PBXFrameworksBuildPhase;
			buildActionMask = 2147483647;
			files = (
			);
			runOnlyForDeploymentPostprocessing = 0;
		};
/* End PBXFrameworksBuildPhase section */

/* Begin PBXGroup section */
		AC2751AD2BC22EA8006D1FEE = {
			isa = PBXGroup;
			children = (
				AC2751B82BC22EA8006D1FEE /* WeatherNow */,
				AC2751C92BC22EAB006D1FEE /* WeatherNowTests */,
				AC2751D32BC22EAB006D1FEE /* WeatherNowUITests */,
				AC2751B72BC22EA8006D1FEE /* Products */,
			);
			sourceTree = "<group>";
		};
		AC2751B72BC22EA8006D1FEE /* Products */ = {
			isa = PBXGroup;
			children = (
				AC2751B62BC22EA8006D1FEE /* WeatherNow.app */,
				AC2751C62BC22EAB006D1FEE /* WeatherNowTests.xctest */,
				AC2751D02BC22EAB006D1FEE /* WeatherNowUITests.xctest */,
			);
			name = Products;
			sourceTree = "<group>";
		};
		AC2751B82BC22EA8006D1FEE /* WeatherNow */ = {
			isa = PBXGroup;
			children = (
				AC3ADD1B2C1060DB007CFA64 /* Views */,
				AC2751B92BC22EA8006D1FEE /* WeatherNowApp.swift */,
				AC2751BB2BC22EA8006D1FEE /* ContentView.swift */,
				AC2751BD2BC22EAA006D1FEE /* Assets.xcassets */,
				AC2751BF2BC22EAA006D1FEE /* Preview Content */,
				AC49C4F52BE4B317003C70ED /* FiveDayForecast.swift */,
				AC49C4F72BE4B5FB003C70ED /* APIService.swift */,
				AC49C4F92BE4B817003C70ED /* APIError.swift */,
				ACDABAC62BE4DB4B0018E177 /* ForecastViewModel.swift */,
				AC9033D62C045A19007041CF /* ForecastLocationSearchView.swift */,
				AC9033D82C046465007041CF /* ForecastLocation.swift */,
				AC9033DA2C046774007041CF /* ForecastLocationViewModel.swift */,
				AC9033DC2C046A6B007041CF /* DeviceLocationManager.swift */,
				AC3ADD222C106777007CFA64 /* Utils.swift */,
			);
			path = WeatherNow;
			sourceTree = "<group>";
		};
		AC2751BF2BC22EAA006D1FEE /* Preview Content */ = {
			isa = PBXGroup;
			children = (
				AC2751C02BC22EAA006D1FEE /* Preview Assets.xcassets */,
			);
			path = "Preview Content";
			sourceTree = "<group>";
		};
		AC2751C92BC22EAB006D1FEE /* WeatherNowTests */ = {
			isa = PBXGroup;
			children = (
				AC2751CA2BC22EAB006D1FEE /* WeatherNowTests.swift */,
			);
			path = WeatherNowTests;
			sourceTree = "<group>";
		};
		AC2751D32BC22EAB006D1FEE /* WeatherNowUITests */ = {
			isa = PBXGroup;
			children = (
				AC2751D42BC22EAB006D1FEE /* WeatherNowUITests.swift */,
				AC2751D62BC22EAB006D1FEE /* WeatherNowUITestsLaunchTests.swift */,
			);
			path = WeatherNowUITests;
			sourceTree = "<group>";
		};
		AC3ADD1B2C1060DB007CFA64 /* Views */ = {
			isa = PBXGroup;
			children = (
				AC3ADD262C106B8A007CFA64 /* CurrentWeatherSummaryView.swift */,
				AC3ADD1E2C106313007CFA64 /* CurrentWeatherHourlyDataView.swift */,
				AC3ADD202C1066F8007CFA64 /* UpcomingDailyForecastView.swift */,
			);
			path = Views;
			sourceTree = "<group>";
		};
/* End PBXGroup section */

/* Begin PBXNativeTarget section */
		AC2751B52BC22EA8006D1FEE /* WeatherNow */ = {
			isa = PBXNativeTarget;
			buildConfigurationList = AC2751DA2BC22EAB006D1FEE /* Build configuration list for PBXNativeTarget "WeatherNow" */;
			buildPhases = (
				AC2751B22BC22EA8006D1FEE /* Sources */,
				AC2751B32BC22EA8006D1FEE /* Frameworks */,
				AC2751B42BC22EA8006D1FEE /* Resources */,
			);
			buildRules = (
			);
			dependencies = (
			);
			name = WeatherNow;
			productName = WeatherNow;
			productReference = AC2751B62BC22EA8006D1FEE /* WeatherNow.app */;
			productType = "com.apple.product-type.application";
		};
		AC2751C52BC22EAB006D1FEE /* WeatherNowTests */ = {
			isa = PBXNativeTarget;
			buildConfigurationList = AC2751DD2BC22EAB006D1FEE /* Build configuration list for PBXNativeTarget "WeatherNowTests" */;
			buildPhases = (
				AC2751C22BC22EAB006D1FEE /* Sources */,
				AC2751C32BC22EAB006D1FEE /* Frameworks */,
				AC2751C42BC22EAB006D1FEE /* Resources */,
			);
			buildRules = (
			);
			dependencies = (
				AC2751C82BC22EAB006D1FEE /* PBXTargetDependency */,
			);
			name = WeatherNowTests;
			productName = WeatherNowTests;
			productReference = AC2751C62BC22EAB006D1FEE /* WeatherNowTests.xctest */;
			productType = "com.apple.product-type.bundle.unit-test";
		};
		AC2751CF2BC22EAB006D1FEE /* WeatherNowUITests */ = {
			isa = PBXNativeTarget;
			buildConfigurationList = AC2751E02BC22EAB006D1FEE /* Build configuration list for PBXNativeTarget "WeatherNowUITests" */;
			buildPhases = (
				AC2751CC2BC22EAB006D1FEE /* Sources */,
				AC2751CD2BC22EAB006D1FEE /* Frameworks */,
				AC2751CE2BC22EAB006D1FEE /* Resources */,
			);
			buildRules = (
			);
			dependencies = (
				AC2751D22BC22EAB006D1FEE /* PBXTargetDependency */,
			);
			name = WeatherNowUITests;
			productName = WeatherNowUITests;
			productReference = AC2751D02BC22EAB006D1FEE /* WeatherNowUITests.xctest */;
			productType = "com.apple.product-type.bundle.ui-testing";
		};
/* End PBXNativeTarget section */

/* Begin PBXProject section */
		AC2751AE2BC22EA8006D1FEE /* Project object */ = {
			isa = PBXProject;
			attributes = {
				BuildIndependentTargetsInParallel = 1;
				LastSwiftUpdateCheck = 1530;
				LastUpgradeCheck = 1530;
				TargetAttributes = {
					AC2751B52BC22EA8006D1FEE = {
						CreatedOnToolsVersion = 15.3;
					};
					AC2751C52BC22EAB006D1FEE = {
						CreatedOnToolsVersion = 15.3;
						TestTargetID = AC2751B52BC22EA8006D1FEE;
					};
					AC2751CF2BC22EAB006D1FEE = {
						CreatedOnToolsVersion = 15.3;
						TestTargetID = AC2751B52BC22EA8006D1FEE;
					};
				};
			};
			buildConfigurationList = AC2751B12BC22EA8006D1FEE /* Build configuration list for PBXProject "WeatherNow" */;
			compatibilityVersion = "Xcode 14.0";
			developmentRegion = en;
			hasScannedForEncodings = 0;
			knownRegions = (
				en,
				Base,
			);
			mainGroup = AC2751AD2BC22EA8006D1FEE;
			productRefGroup = AC2751B72BC22EA8006D1FEE /* Products */;
			projectDirPath = "";
			projectRoot = "";
			targets = (
				AC2751B52BC22EA8006D1FEE /* WeatherNow */,
				AC2751C52BC22EAB006D1FEE /* WeatherNowTests */,
				AC2751CF2BC22EAB006D1FEE /* WeatherNowUITests */,
			);
		};
/* End PBXProject section */

/* Begin PBXResourcesBuildPhase section */
		AC2751B42BC22EA8006D1FEE /* Resources */ = {
			isa = PBXResourcesBuildPhase;
			buildActionMask = 2147483647;
			files = (
				AC2751C12BC22EAA006D1FEE /* Preview Assets.xcassets in Resources */,
				AC2751BE2BC22EAA006D1FEE /* Assets.xcassets in Resources */,
			);
			runOnlyForDeploymentPostprocessing = 0;
		};
		AC2751C42BC22EAB006D1FEE /* Resources */ = {
			isa = PBXResourcesBuildPhase;
			buildActionMask = 2147483647;
			files = (
			);
			runOnlyForDeploymentPostprocessing = 0;
		};
		AC2751CE2BC22EAB006D1FEE /* Resources */ = {
			isa = PBXResourcesBuildPhase;
			buildActionMask = 2147483647;
			files = (
			);
			runOnlyForDeploymentPostprocessing = 0;
		};
/* End PBXResourcesBuildPhase section */

/* Begin PBXSourcesBuildPhase section */
		AC2751B22BC22EA8006D1FEE /* Sources */ = {
			isa = PBXSourcesBuildPhase;
			buildActionMask = 2147483647;
			files = (
				AC2751BC2BC22EA8006D1FEE /* ContentView.swift in Sources */,
				AC9033D92C046465007041CF /* ForecastLocation.swift in Sources */,
				AC3ADD1F2C106313007CFA64 /* CurrentWeatherHourlyDataView.swift in Sources */,
				AC3ADD232C106777007CFA64 /* Utils.swift in Sources */,
				AC9033DD2C046A6B007041CF /* DeviceLocationManager.swift in Sources */,
				AC49C4F62BE4B317003C70ED /* FiveDayForecast.swift in Sources */,
				AC3ADD212C1066F8007CFA64 /* UpcomingDailyForecastView.swift in Sources */,
				AC9033DB2C046774007041CF /* ForecastLocationViewModel.swift in Sources */,
				AC49C4F82BE4B5FB003C70ED /* APIService.swift in Sources */,
				ACDABAC72BE4DB4B0018E177 /* ForecastViewModel.swift in Sources */,
				AC49C4FA2BE4B817003C70ED /* APIError.swift in Sources */,
				AC2751BA2BC22EA8006D1FEE /* WeatherNowApp.swift in Sources */,
				AC3ADD272C106B8A007CFA64 /* CurrentWeatherSummaryView.swift in Sources */,
				AC9033D72C045A19007041CF /* ForecastLocationSearchView.swift in Sources */,
			);
			runOnlyForDeploymentPostprocessing = 0;
		};
		AC2751C22BC22EAB006D1FEE /* Sources */ = {
			isa = PBXSourcesBuildPhase;
			buildActionMask = 2147483647;
			files = (
				AC2751CB2BC22EAB006D1FEE /* WeatherNowTests.swift in Sources */,
			);
			runOnlyForDeploymentPostprocessing = 0;
		};
		AC2751CC2BC22EAB006D1FEE /* Sources */ = {
			isa = PBXSourcesBuildPhase;
			buildActionMask = 2147483647;
			files = (
				AC2751D72BC22EAB006D1FEE /* WeatherNowUITestsLaunchTests.swift in Sources */,
				AC2751D52BC22EAB006D1FEE /* WeatherNowUITests.swift in Sources */,
			);
			runOnlyForDeploymentPostprocessing = 0;
		};
/* End PBXSourcesBuildPhase section */

/* Begin PBXTargetDependency section */
		AC2751C82BC22EAB006D1FEE /* PBXTargetDependency */ = {
			isa = PBXTargetDependency;
			target = AC2751B52BC22EA8006D1FEE /* WeatherNow */;
			targetProxy = AC2751C72BC22EAB006D1FEE /* PBXContainerItemProxy */;
		};
		AC2751D22BC22EAB006D1FEE /* PBXTargetDependency */ = {
			isa = PBXTargetDependency;
			target = AC2751B52BC22EA8006D1FEE /* WeatherNow */;
			targetProxy = AC2751D12BC22EAB006D1FEE /* PBXContainerItemProxy */;
		};
/* End PBXTargetDependency section */

/* Begin XCBuildConfiguration section */
		AC2751D82BC22EAB006D1FEE /* Debug */ = {
			isa = XCBuildConfiguration;
			buildSettings = {
				ALWAYS_SEARCH_USER_PATHS = NO;
				ASSETCATALOG_COMPILER_GENERATE_SWIFT_ASSET_SYMBOL_EXTENSIONS = YES;
				CLANG_ANALYZER_NONNULL = YES;
				CLANG_ANALYZER_NUMBER_OBJECT_CONVERSION = YES_AGGRESSIVE;
				CLANG_CXX_LANGUAGE_STANDARD = "gnu++20";
				CLANG_ENABLE_MODULES = YES;
				CLANG_ENABLE_OBJC_ARC = YES;
				CLANG_ENABLE_OBJC_WEAK = YES;
				CLANG_WARN_BLOCK_CAPTURE_AUTORELEASING = YES;
				CLANG_WARN_BOOL_CONVERSION = YES;
				CLANG_WARN_COMMA = YES;
				CLANG_WARN_CONSTANT_CONVERSION = YES;
				CLANG_WARN_DEPRECATED_OBJC_IMPLEMENTATIONS = YES;
				CLANG_WARN_DIRECT_OBJC_ISA_USAGE = YES_ERROR;
				CLANG_WARN_DOCUMENTATION_COMMENTS = YES;
				CLANG_WARN_EMPTY_BODY = YES;
				CLANG_WARN_ENUM_CONVERSION = YES;
				CLANG_WARN_INFINITE_RECURSION = YES;
				CLANG_WARN_INT_CONVERSION = YES;
				CLANG_WARN_NON_LITERAL_NULL_CONVERSION = YES;
				CLANG_WARN_OBJC_IMPLICIT_RETAIN_SELF = YES;
				CLANG_WARN_OBJC_LITERAL_CONVERSION = YES;
				CLANG_WARN_OBJC_ROOT_CLASS = YES_ERROR;
				CLANG_WARN_QUOTED_INCLUDE_IN_FRAMEWORK_HEADER = YES;
				CLANG_WARN_RANGE_LOOP_ANALYSIS = YES;
				CLANG_WARN_STRICT_PROTOTYPES = YES;
				CLANG_WARN_SUSPICIOUS_MOVE = YES;
				CLANG_WARN_UNGUARDED_AVAILABILITY = YES_AGGRESSIVE;
				CLANG_WARN_UNREACHABLE_CODE = YES;
				CLANG_WARN__DUPLICATE_METHOD_MATCH = YES;
				COPY_PHASE_STRIP = NO;
				DEBUG_INFORMATION_FORMAT = dwarf;
				ENABLE_STRICT_OBJC_MSGSEND = YES;
				ENABLE_TESTABILITY = YES;
				ENABLE_USER_SCRIPT_SANDBOXING = YES;
				GCC_C_LANGUAGE_STANDARD = gnu17;
				GCC_DYNAMIC_NO_PIC = NO;
				GCC_NO_COMMON_BLOCKS = YES;
				GCC_OPTIMIZATION_LEVEL = 0;
				GCC_PREPROCESSOR_DEFINITIONS = (
					"DEBUG=1",
					"$(inherited)",
				);
				GCC_WARN_64_TO_32_BIT_CONVERSION = YES;
				GCC_WARN_ABOUT_RETURN_TYPE = YES_ERROR;
				GCC_WARN_UNDECLARED_SELECTOR = YES;
				GCC_WARN_UNINITIALIZED_AUTOS = YES_AGGRESSIVE;
				GCC_WARN_UNUSED_FUNCTION = YES;
				GCC_WARN_UNUSED_VARIABLE = YES;
				IPHONEOS_DEPLOYMENT_TARGET = 17.4;
				LOCALIZATION_PREFERS_STRING_CATALOGS = YES;
				MTL_ENABLE_DEBUG_INFO = INCLUDE_SOURCE;
				MTL_FAST_MATH = YES;
				ONLY_ACTIVE_ARCH = YES;
				SDKROOT = iphoneos;
				SWIFT_ACTIVE_COMPILATION_CONDITIONS = "DEBUG $(inherited)";
				SWIFT_OPTIMIZATION_LEVEL = "-Onone";
			};
			name = Debug;
		};
		AC2751D92BC22EAB006D1FEE /* Release */ = {
			isa = XCBuildConfiguration;
			buildSettings = {
				ALWAYS_SEARCH_USER_PATHS = NO;
				ASSETCATALOG_COMPILER_GENERATE_SWIFT_ASSET_SYMBOL_EXTENSIONS = YES;
				CLANG_ANALYZER_NONNULL = YES;
				CLANG_ANALYZER_NUMBER_OBJECT_CONVERSION = YES_AGGRESSIVE;
				CLANG_CXX_LANGUAGE_STANDARD = "gnu++20";
				CLANG_ENABLE_MODULES = YES;
				CLANG_ENABLE_OBJC_ARC = YES;
				CLANG_ENABLE_OBJC_WEAK = YES;
				CLANG_WARN_BLOCK_CAPTURE_AUTORELEASING = YES;
				CLANG_WARN_BOOL_CONVERSION = YES;
				CLANG_WARN_COMMA = YES;
				CLANG_WARN_CONSTANT_CONVERSION = YES;
				CLANG_WARN_DEPRECATED_OBJC_IMPLEMENTATIONS = YES;
				CLANG_WARN_DIRECT_OBJC_ISA_USAGE = YES_ERROR;
				CLANG_WARN_DOCUMENTATION_COMMENTS = YES;
				CLANG_WARN_EMPTY_BODY = YES;
				CLANG_WARN_ENUM_CONVERSION = YES;
				CLANG_WARN_INFINITE_RECURSION = YES;
				CLANG_WARN_INT_CONVERSION = YES;
				CLANG_WARN_NON_LITERAL_NULL_CONVERSION = YES;
				CLANG_WARN_OBJC_IMPLICIT_RETAIN_SELF = YES;
				CLANG_WARN_OBJC_LITERAL_CONVERSION = YES;
				CLANG_WARN_OBJC_ROOT_CLASS = YES_ERROR;
				CLANG_WARN_QUOTED_INCLUDE_IN_FRAMEWORK_HEADER = YES;
				CLANG_WARN_RANGE_LOOP_ANALYSIS = YES;
				CLANG_WARN_STRICT_PROTOTYPES = YES;
				CLANG_WARN_SUSPICIOUS_MOVE = YES;
				CLANG_WARN_UNGUARDED_AVAILABILITY = YES_AGGRESSIVE;
				CLANG_WARN_UNREACHABLE_CODE = YES;
				CLANG_WARN__DUPLICATE_METHOD_MATCH = YES;
				COPY_PHASE_STRIP = NO;
				DEBUG_INFORMATION_FORMAT = "dwarf-with-dsym";
				ENABLE_NS_ASSERTIONS = NO;
				ENABLE_STRICT_OBJC_MSGSEND = YES;
				ENABLE_USER_SCRIPT_SANDBOXING = YES;
				GCC_C_LANGUAGE_STANDARD = gnu17;
				GCC_NO_COMMON_BLOCKS = YES;
				GCC_WARN_64_TO_32_BIT_CONVERSION = YES;
				GCC_WARN_ABOUT_RETURN_TYPE = YES_ERROR;
				GCC_WARN_UNDECLARED_SELECTOR = YES;
				GCC_WARN_UNINITIALIZED_AUTOS = YES_AGGRESSIVE;
				GCC_WARN_UNUSED_FUNCTION = YES;
				GCC_WARN_UNUSED_VARIABLE = YES;
				IPHONEOS_DEPLOYMENT_TARGET = 17.4;
				LOCALIZATION_PREFERS_STRING_CATALOGS = YES;
				MTL_ENABLE_DEBUG_INFO = NO;
				MTL_FAST_MATH = YES;
				SDKROOT = iphoneos;
				SWIFT_COMPILATION_MODE = wholemodule;
				VALIDATE_PRODUCT = YES;
			};
			name = Release;
		};
		AC2751DB2BC22EAB006D1FEE /* Debug */ = {
			isa = XCBuildConfiguration;
			buildSettings = {
				ASSETCATALOG_COMPILER_APPICON_NAME = AppIcon;
				ASSETCATALOG_COMPILER_GLOBAL_ACCENT_COLOR_NAME = AccentColor;
				CODE_SIGN_IDENTITY = "Apple Development";
				CODE_SIGN_STYLE = Automatic;
				CURRENT_PROJECT_VERSION = 1;
				DEVELOPMENT_ASSET_PATHS = "\"WeatherNow/Preview Content\"";
				DEVELOPMENT_TEAM = "";
				ENABLE_PREVIEWS = YES;
				GENERATE_INFOPLIST_FILE = YES;
				INFOPLIST_KEY_NSLocationAlwaysAndWhenInUseUsageDescription = "This app required access to the device's location";
				INFOPLIST_KEY_NSLocationWhenInUseUsageDescription = "This app required access to the device's location";
				INFOPLIST_KEY_UIApplicationSceneManifest_Generation = YES;
				INFOPLIST_KEY_UIApplicationSupportsIndirectInputEvents = YES;
				INFOPLIST_KEY_UILaunchScreen_Generation = YES;
				INFOPLIST_KEY_UISupportedInterfaceOrientations_iPad = "UIInterfaceOrientationPortrait UIInterfaceOrientationPortraitUpsideDown UIInterfaceOrientationLandscapeLeft UIInterfaceOrientationLandscapeRight";
				INFOPLIST_KEY_UISupportedInterfaceOrientations_iPhone = "UIInterfaceOrientationPortrait UIInterfaceOrientationLandscapeLeft UIInterfaceOrientationLandscapeRight";
				LD_RUNPATH_SEARCH_PATHS = (
					"$(inherited)",
					"@executable_path/Frameworks",
				);
				MARKETING_VERSION = 1.0;
				PRODUCT_BUNDLE_IDENTIFIER = artkolpakov.WeatherNow;
				PRODUCT_NAME = "$(TARGET_NAME)";
				PROVISIONING_PROFILE_SPECIFIER = "";
				SWIFT_EMIT_LOC_STRINGS = YES;
				SWIFT_VERSION = 5.0;
				TARGETED_DEVICE_FAMILY = "1,2";
			};
			name = Debug;
		};
		AC2751DC2BC22EAB006D1FEE /* Release */ = {
			isa = XCBuildConfiguration;
			buildSettings = {
				ASSETCATALOG_COMPILER_APPICON_NAME = AppIcon;
				ASSETCATALOG_COMPILER_GLOBAL_ACCENT_COLOR_NAME = AccentColor;
				CODE_SIGN_IDENTITY = "Apple Development";
				CODE_SIGN_STYLE = Automatic;
				CURRENT_PROJECT_VERSION = 1;
				DEVELOPMENT_ASSET_PATHS = "\"WeatherNow/Preview Content\"";
				DEVELOPMENT_TEAM = "";
				ENABLE_PREVIEWS = YES;
				GENERATE_INFOPLIST_FILE = YES;
				INFOPLIST_KEY_NSLocationAlwaysAndWhenInUseUsageDescription = "This app required access to the device's location";
				INFOPLIST_KEY_NSLocationWhenInUseUsageDescription = "This app required access to the device's location";
				INFOPLIST_KEY_UIApplicationSceneManifest_Generation = YES;
				INFOPLIST_KEY_UIApplicationSupportsIndirectInputEvents = YES;
				INFOPLIST_KEY_UILaunchScreen_Generation = YES;
				INFOPLIST_KEY_UISupportedInterfaceOrientations_iPad = "UIInterfaceOrientationPortrait UIInterfaceOrientationPortraitUpsideDown UIInterfaceOrientationLandscapeLeft UIInterfaceOrientationLandscapeRight";
				INFOPLIST_KEY_UISupportedInterfaceOrientations_iPhone = "UIInterfaceOrientationPortrait UIInterfaceOrientationLandscapeLeft UIInterfaceOrientationLandscapeRight";
				LD_RUNPATH_SEARCH_PATHS = (
					"$(inherited)",
					"@executable_path/Frameworks",
				);
				MARKETING_VERSION = 1.0;
				PRODUCT_BUNDLE_IDENTIFIER = artkolpakov.WeatherNow;
				PRODUCT_NAME = "$(TARGET_NAME)";
				PROVISIONING_PROFILE_SPECIFIER = "";
				SWIFT_EMIT_LOC_STRINGS = YES;
				SWIFT_VERSION = 5.0;
				TARGETED_DEVICE_FAMILY = "1,2";
			};
			name = Release;
		};
		AC2751DE2BC22EAB006D1FEE /* Debug */ = {
			isa = XCBuildConfiguration;
			buildSettings = {
				ALWAYS_EMBED_SWIFT_STANDARD_LIBRARIES = YES;
				BUNDLE_LOADER = "$(TEST_HOST)";
				CODE_SIGN_STYLE = Automatic;
				CURRENT_PROJECT_VERSION = 1;
				GENERATE_INFOPLIST_FILE = YES;
				IPHONEOS_DEPLOYMENT_TARGET = 17.4;
				MARKETING_VERSION = 1.0;
				PRODUCT_BUNDLE_IDENTIFIER = artkolpakov.WeatherNowTests;
				PRODUCT_NAME = "$(TARGET_NAME)";
				SWIFT_EMIT_LOC_STRINGS = NO;
				SWIFT_VERSION = 5.0;
				TARGETED_DEVICE_FAMILY = "1,2";
				TEST_HOST = "$(BUILT_PRODUCTS_DIR)/WeatherNow.app/$(BUNDLE_EXECUTABLE_FOLDER_PATH)/WeatherNow";
			};
			name = Debug;
		};
		AC2751DF2BC22EAB006D1FEE /* Release */ = {
			isa = XCBuildConfiguration;
			buildSettings = {
				ALWAYS_EMBED_SWIFT_STANDARD_LIBRARIES = YES;
				BUNDLE_LOADER = "$(TEST_HOST)";
				CODE_SIGN_STYLE = Automatic;
				CURRENT_PROJECT_VERSION = 1;
				GENERATE_INFOPLIST_FILE = YES;
				IPHONEOS_DEPLOYMENT_TARGET = 17.4;
				MARKETING_VERSION = 1.0;
				PRODUCT_BUNDLE_IDENTIFIER = artkolpakov.WeatherNowTests;
				PRODUCT_NAME = "$(TARGET_NAME)";
				SWIFT_EMIT_LOC_STRINGS = NO;
				SWIFT_VERSION = 5.0;
				TARGETED_DEVICE_FAMILY = "1,2";
				TEST_HOST = "$(BUILT_PRODUCTS_DIR)/WeatherNow.app/$(BUNDLE_EXECUTABLE_FOLDER_PATH)/WeatherNow";
			};
			name = Release;
		};
		AC2751E12BC22EAB006D1FEE /* Debug */ = {
			isa = XCBuildConfiguration;
			buildSettings = {
				ALWAYS_EMBED_SWIFT_STANDARD_LIBRARIES = YES;
				CODE_SIGN_STYLE = Automatic;
				CURRENT_PROJECT_VERSION = 1;
				GENERATE_INFOPLIST_FILE = YES;
				MARKETING_VERSION = 1.0;
				PRODUCT_BUNDLE_IDENTIFIER = artkolpakov.WeatherNowUITests;
				PRODUCT_NAME = "$(TARGET_NAME)";
				SWIFT_EMIT_LOC_STRINGS = NO;
				SWIFT_VERSION = 5.0;
				TARGETED_DEVICE_FAMILY = "1,2";
				TEST_TARGET_NAME = WeatherNow;
			};
			name = Debug;
		};
		AC2751E22BC22EAB006D1FEE /* Release */ = {
			isa = XCBuildConfiguration;
			buildSettings = {
				ALWAYS_EMBED_SWIFT_STANDARD_LIBRARIES = YES;
				CODE_SIGN_STYLE = Automatic;
				CURRENT_PROJECT_VERSION = 1;
				GENERATE_INFOPLIST_FILE = YES;
				MARKETING_VERSION = 1.0;
				PRODUCT_BUNDLE_IDENTIFIER = artkolpakov.WeatherNowUITests;
				PRODUCT_NAME = "$(TARGET_NAME)";
				SWIFT_EMIT_LOC_STRINGS = NO;
				SWIFT_VERSION = 5.0;
				TARGETED_DEVICE_FAMILY = "1,2";
				TEST_TARGET_NAME = WeatherNow;
			};
			name = Release;
		};
/* End XCBuildConfiguration section */

/* Begin XCConfigurationList section */
		AC2751B12BC22EA8006D1FEE /* Build configuration list for PBXProject "WeatherNow" */ = {
			isa = XCConfigurationList;
			buildConfigurations = (
				AC2751D82BC22EAB006D1FEE /* Debug */,
				AC2751D92BC22EAB006D1FEE /* Release */,
			);
			defaultConfigurationIsVisible = 0;
			defaultConfigurationName = Release;
		};
		AC2751DA2BC22EAB006D1FEE /* Build configuration list for PBXNativeTarget "WeatherNow" */ = {
			isa = XCConfigurationList;
			buildConfigurations = (
				AC2751DB2BC22EAB006D1FEE /* Debug */,
				AC2751DC2BC22EAB006D1FEE /* Release */,
			);
			defaultConfigurationIsVisible = 0;
			defaultConfigurationName = Release;
		};
		AC2751DD2BC22EAB006D1FEE /* Build configuration list for PBXNativeTarget "WeatherNowTests" */ = {
			isa = XCConfigurationList;
			buildConfigurations = (
				AC2751DE2BC22EAB006D1FEE /* Debug */,
				AC2751DF2BC22EAB006D1FEE /* Release */,
			);
			defaultConfigurationIsVisible = 0;
			defaultConfigurationName = Release;
		};
		AC2751E02BC22EAB006D1FEE /* Build configuration list for PBXNativeTarget "WeatherNowUITests" */ = {
			isa = XCConfigurationList;
			buildConfigurations = (
				AC2751E12BC22EAB006D1FEE /* Debug */,
				AC2751E22BC22EAB006D1FEE /* Release */,
			);
			defaultConfigurationIsVisible = 0;
			defaultConfigurationName = Release;
		};
/* End XCConfigurationList section */
	};
	rootObject = AC2751AE2BC22EA8006D1FEE /* Project object */;
}
